// !$*UTF8*$!
{
	archiveVersion = 1;
	classes = {
	};
	objectVersion = 77;
	objects = {

/* Begin PBXBuildFile section */
		108F6DE52F22212B005A8149 /* readme.md in Resources */ = {isa = PBXBuildFile; fileRef = 108F6DE42F222124005A8149 /* readme.md */; };
/* End PBXBuildFile section */

/* Begin PBXContainerItemProxy section */
		108F6D5A2F21F81C005A8149 /* PBXContainerItemProxy */ = {
			isa = PBXContainerItemProxy;
			containerPortal = 108F6D442F21F81B005A8149 /* Project object */;
			proxyType = 1;
			remoteGlobalIDString = 108F6D4B2F21F81B005A8149;
			remoteInfo = "picsum-photos";
		};
		108F6D642F21F81C005A8149 /* PBXContainerItemProxy */ = {
			isa = PBXContainerItemProxy;
			containerPortal = 108F6D442F21F81B005A8149 /* Project object */;
			proxyType = 1;
			remoteGlobalIDString = 108F6D4B2F21F81B005A8149;
			remoteInfo = "picsum-photos";
		};
/* End PBXContainerItemProxy section */

/* Begin PBXFileReference section */
		108F6D4C2F21F81B005A8149 /* picsum-photos.app */ = {isa = PBXFileReference; explicitFileType = wrapper.application; includeInIndex = 0; path = "picsum-photos.app"; sourceTree = BUILT_PRODUCTS_DIR; };
		108F6D592F21F81C005A8149 /* picsum-photosTests.xctest */ = {isa = PBXFileReference; explicitFileType = wrapper.cfbundle; includeInIndex = 0; path = "picsum-photosTests.xctest"; sourceTree = BUILT_PRODUCTS_DIR; };
		108F6D632F21F81C005A8149 /* picsum-photosUITests.xctest */ = {isa = PBXFileReference; explicitFileType = wrapper.cfbundle; includeInIndex = 0; path = "picsum-photosUITests.xctest"; sourceTree = BUILT_PRODUCTS_DIR; };
		108F6DE42F222124005A8149 /* readme.md */ = {isa = PBXFileReference; lastKnownFileType = net.daringfireball.markdown; path = readme.md; sourceTree = "<group>"; };
/* End PBXFileReference section */

/* Begin PBXFileSystemSynchronizedRootGroup section */
		108F6D4E2F21F81B005A8149 /* picsum-photos */ = {
			isa = PBXFileSystemSynchronizedRootGroup;
			path = "picsum-photos";
			sourceTree = "<group>";
		};
		108F6D5C2F21F81C005A8149 /* picsum-photosTests */ = {
			isa = PBXFileSystemSynchronizedRootGroup;
			path = "picsum-photosTests";
			sourceTree = "<group>";
		};
		108F6D662F21F81C005A8149 /* picsum-photosUITests */ = {
			isa = PBXFileSystemSynchronizedRootGroup;
			path = "picsum-photosUITests";
			sourceTree = "<group>";
		};
/* End PBXFileSystemSynchronizedRootGroup section */

/* Begin PBXFrameworksBuildPhase section */
		108F6D492F21F81B005A8149 /* Frameworks */ = {
			isa = PBXFrameworksBuildPhase;
			buildActionMask = 2147483647;
			files = (
			);
			runOnlyForDeploymentPostprocessing = 0;
		};
		108F6D562F21F81C005A8149 /* Frameworks */ = {
			isa = PBXFrameworksBuildPhase;
			buildActionMask = 2147483647;
			files = (
			);
			runOnlyForDeploymentPostprocessing = 0;
		};
		108F6D602F21F81C005A8149 /* Frameworks */ = {
			isa = PBXFrameworksBuildPhase;
			buildActionMask = 2147483647;
			files = (
			);
			runOnlyForDeploymentPostprocessing = 0;
		};
/* End PBXFrameworksBuildPhase section */

/* Begin PBXGroup section */
		108F6D432F21F81B005A8149 = {
			isa = PBXGroup;
			children = (
				108F6D762F21F930005A8149 /* Project */,
				108F6DE42F222124005A8149 /* readme.md */,
				108F6D4D2F21F81B005A8149 /* Products */,
			);
			sourceTree = "<group>";
		};
		108F6D4D2F21F81B005A8149 /* Products */ = {
			isa = PBXGroup;
			children = (
				108F6D4C2F21F81B005A8149 /* picsum-photos.app */,
				108F6D592F21F81C005A8149 /* picsum-photosTests.xctest */,
				108F6D632F21F81C005A8149 /* picsum-photosUITests.xctest */,
			);
			name = Products;
			sourceTree = "<group>";
		};
		108F6D762F21F930005A8149 /* Project */ = {
			isa = PBXGroup;
			children = (
				108F6D4E2F21F81B005A8149 /* picsum-photos */,
				108F6D772F21F948005A8149 /* PicsumTests */,
			);
			path = Project;
			sourceTree = "<group>";
		};
		108F6D772F21F948005A8149 /* PicsumTests */ = {
			isa = PBXGroup;
			children = (
				108F6D662F21F81C005A8149 /* picsum-photosUITests */,
				108F6D5C2F21F81C005A8149 /* picsum-photosTests */,
			);
			path = PicsumTests;
			sourceTree = "<group>";
		};
/* End PBXGroup section */

/* Begin PBXNativeTarget section */
		108F6D4B2F21F81B005A8149 /* picsum-photos */ = {
			isa = PBXNativeTarget;
			buildConfigurationList = 108F6D6D2F21F81C005A8149 /* Build configuration list for PBXNativeTarget "picsum-photos" */;
			buildPhases = (
				108F6D482F21F81B005A8149 /* Sources */,
				108F6D492F21F81B005A8149 /* Frameworks */,
				108F6D4A2F21F81B005A8149 /* Resources */,
			);
			buildRules = (
			);
			dependencies = (
			);
			fileSystemSynchronizedGroups = (
				108F6D4E2F21F81B005A8149 /* picsum-photos */,
			);
			name = "picsum-photos";
			packageProductDependencies = (
			);
			productName = "picsum-photos";
			productReference = 108F6D4C2F21F81B005A8149 /* picsum-photos.app */;
			productType = "com.apple.product-type.application";
		};
		108F6D582F21F81C005A8149 /* picsum-photosTests */ = {
			isa = PBXNativeTarget;
			buildConfigurationList = 108F6D702F21F81C005A8149 /* Build configuration list for PBXNativeTarget "picsum-photosTests" */;
			buildPhases = (
				108F6D552F21F81C005A8149 /* Sources */,
				108F6D562F21F81C005A8149 /* Frameworks */,
				108F6D572F21F81C005A8149 /* Resources */,
			);
			buildRules = (
			);
			dependencies = (
				108F6D5B2F21F81C005A8149 /* PBXTargetDependency */,
			);
			fileSystemSynchronizedGroups = (
				108F6D5C2F21F81C005A8149 /* picsum-photosTests */,
			);
			name = "picsum-photosTests";
			packageProductDependencies = (
			);
			productName = "picsum-photosTests";
			productReference = 108F6D592F21F81C005A8149 /* picsum-photosTests.xctest */;
			productType = "com.apple.product-type.bundle.unit-test";
		};
		108F6D622F21F81C005A8149 /* picsum-photosUITests */ = {
			isa = PBXNativeTarget;
			buildConfigurationList = 108F6D732F21F81C005A8149 /* Build configuration list for PBXNativeTarget "picsum-photosUITests" */;
			buildPhases = (
				108F6D5F2F21F81C005A8149 /* Sources */,
				108F6D602F21F81C005A8149 /* Frameworks */,
				108F6D612F21F81C005A8149 /* Resources */,
			);
			buildRules = (
			);
			dependencies = (
				108F6D652F21F81C005A8149 /* PBXTargetDependency */,
			);
			fileSystemSynchronizedGroups = (
				108F6D662F21F81C005A8149 /* picsum-photosUITests */,
			);
			name = "picsum-photosUITests";
			packageProductDependencies = (
			);
			productName = "picsum-photosUITests";
			productReference = 108F6D632F21F81C005A8149 /* picsum-photosUITests.xctest */;
			productType = "com.apple.product-type.bundle.ui-testing";
		};
/* End PBXNativeTarget section */

/* Begin PBXProject section */
		108F6D442F21F81B005A8149 /* Project object */ = {
			isa = PBXProject;
			attributes = {
				BuildIndependentTargetsInParallel = 1;
				LastSwiftUpdateCheck = 2610;
				LastUpgradeCheck = 2610;
				TargetAttributes = {
					108F6D4B2F21F81B005A8149 = {
						CreatedOnToolsVersion = 26.1.1;
					};
					108F6D582F21F81C005A8149 = {
						CreatedOnToolsVersion = 26.1.1;
						TestTargetID = 108F6D4B2F21F81B005A8149;
					};
					108F6D622F21F81C005A8149 = {
						CreatedOnToolsVersion = 26.1.1;
						TestTargetID = 108F6D4B2F21F81B005A8149;
					};
				};
			};
			buildConfigurationList = 108F6D472F21F81B005A8149 /* Build configuration list for PBXProject "picsum-photos" */;
			developmentRegion = en;
			hasScannedForEncodings = 0;
			knownRegions = (
				en,
				Base,
			);
			mainGroup = 108F6D432F21F81B005A8149;
			minimizedProjectReferenceProxies = 1;
			preferredProjectObjectVersion = 77;
			productRefGroup = 108F6D4D2F21F81B005A8149 /* Products */;
			projectDirPath = "";
			projectRoot = "";
			targets = (
				108F6D4B2F21F81B005A8149 /* picsum-photos */,
				108F6D582F21F81C005A8149 /* picsum-photosTests */,
				108F6D622F21F81C005A8149 /* picsum-photosUITests */,
			);
		};
/* End PBXProject section */

/* Begin PBXResourcesBuildPhase section */
		108F6D4A2F21F81B005A8149 /* Resources */ = {
			isa = PBXResourcesBuildPhase;
			buildActionMask = 2147483647;
			files = (
				108F6DE52F22212B005A8149 /* readme.md in Resources */,
			);
			runOnlyForDeploymentPostprocessing = 0;
		};
		108F6D572F21F81C005A8149 /* Resources */ = {
			isa = PBXResourcesBuildPhase;
			buildActionMask = 2147483647;
			files = (
			);
			runOnlyForDeploymentPostprocessing = 0;
		};
		108F6D612F21F81C005A8149 /* Resources */ = {
			isa = PBXResourcesBuildPhase;
			buildActionMask = 2147483647;
			files = (
			);
			runOnlyForDeploymentPostprocessing = 0;
		};
/* End PBXResourcesBuildPhase section */

/* Begin PBXSourcesBuildPhase section */
		108F6D482F21F81B005A8149 /* Sources */ = {
			isa = PBXSourcesBuildPhase;
			buildActionMask = 2147483647;
			files = (
			);
			runOnlyForDeploymentPostprocessing = 0;
		};
		108F6D552F21F81C005A8149 /* Sources */ = {
			isa = PBXSourcesBuildPhase;
			buildActionMask = 2147483647;
			files = (
			);
			runOnlyForDeploymentPostprocessing = 0;
		};
		108F6D5F2F21F81C005A8149 /* Sources */ = {
			isa = PBXSourcesBuildPhase;
			buildActionMask = 2147483647;
			files = (
			);
			runOnlyForDeploymentPostprocessing = 0;
		};
/* End PBXSourcesBuildPhase section */

/* Begin PBXTargetDependency section */
		108F6D5B2F21F81C005A8149 /* PBXTargetDependency */ = {
			isa = PBXTargetDependency;
			target = 108F6D4B2F21F81B005A8149 /* picsum-photos */;
			targetProxy = 108F6D5A2F21F81C005A8149 /* PBXContainerItemProxy */;
		};
		108F6D652F21F81C005A8149 /* PBXTargetDependency */ = {
			isa = PBXTargetDependency;
			target = 108F6D4B2F21F81B005A8149 /* picsum-photos */;
			targetProxy = 108F6D642F21F81C005A8149 /* PBXContainerItemProxy */;
		};
/* End PBXTargetDependency section */

/* Begin XCBuildConfiguration section */
		108F6D6B2F21F81C005A8149 /* Debug */ = {
			isa = XCBuildConfiguration;
			buildSettings = {
				ALWAYS_SEARCH_USER_PATHS = NO;
				ASSETCATALOG_COMPILER_GENERATE_SWIFT_ASSET_SYMBOL_EXTENSIONS = YES;
				CLANG_ANALYZER_NONNULL = YES;
				CLANG_ANALYZER_NUMBER_OBJECT_CONVERSION = YES_AGGRESSIVE;
				CLANG_CXX_LANGUAGE_STANDARD = "gnu++20";
				CLANG_ENABLE_MODULES = YES;
				CLANG_ENABLE_OBJC_ARC = YES;
				CLANG_ENABLE_OBJC_WEAK = YES;
				CLANG_WARN_BLOCK_CAPTURE_AUTORELEASING = YES;
				CLANG_WARN_BOOL_CONVERSION = YES;
				CLANG_WARN_COMMA = YES;
				CLANG_WARN_CONSTANT_CONVERSION = YES;
				CLANG_WARN_DEPRECATED_OBJC_IMPLEMENTATIONS = YES;
				CLANG_WARN_DIRECT_OBJC_ISA_USAGE = YES_ERROR;
				CLANG_WARN_DOCUMENTATION_COMMENTS = YES;
				CLANG_WARN_EMPTY_BODY = YES;
				CLANG_WARN_ENUM_CONVERSION = YES;
				CLANG_WARN_INFINITE_RECURSION = YES;
				CLANG_WARN_INT_CONVERSION = YES;
				CLANG_WARN_NON_LITERAL_NULL_CONVERSION = YES;
				CLANG_WARN_OBJC_IMPLICIT_RETAIN_SELF = YES;
				CLANG_WARN_OBJC_LITERAL_CONVERSION = YES;
				CLANG_WARN_OBJC_ROOT_CLASS = YES_ERROR;
				CLANG_WARN_QUOTED_INCLUDE_IN_FRAMEWORK_HEADER = YES;
				CLANG_WARN_RANGE_LOOP_ANALYSIS = YES;
				CLANG_WARN_STRICT_PROTOTYPES = YES;
				CLANG_WARN_SUSPICIOUS_MOVE = YES;
				CLANG_WARN_UNGUARDED_AVAILABILITY = YES_AGGRESSIVE;
				CLANG_WARN_UNREACHABLE_CODE = YES;
				CLANG_WARN__DUPLICATE_METHOD_MATCH = YES;
				COPY_PHASE_STRIP = NO;
				DEBUG_INFORMATION_FORMAT = dwarf;
				DEVELOPMENT_TEAM = AGJJWXNGVA;
				ENABLE_STRICT_OBJC_MSGSEND = YES;
				ENABLE_TESTABILITY = YES;
				ENABLE_USER_SCRIPT_SANDBOXING = YES;
				GCC_C_LANGUAGE_STANDARD = gnu17;
				GCC_DYNAMIC_NO_PIC = NO;
				GCC_NO_COMMON_BLOCKS = YES;
				GCC_OPTIMIZATION_LEVEL = 0;
				GCC_PREPROCESSOR_DEFINITIONS = (
					"DEBUG=1",
					"$(inherited)",
				);
				GCC_WARN_64_TO_32_BIT_CONVERSION = YES;
				GCC_WARN_ABOUT_RETURN_TYPE = YES_ERROR;
				GCC_WARN_UNDECLARED_SELECTOR = YES;
				GCC_WARN_UNINITIALIZED_AUTOS = YES_AGGRESSIVE;
				GCC_WARN_UNUSED_FUNCTION = YES;
				GCC_WARN_UNUSED_VARIABLE = YES;
				IPHONEOS_DEPLOYMENT_TARGET = 26.1;
				LOCALIZATION_PREFERS_STRING_CATALOGS = YES;
				MTL_ENABLE_DEBUG_INFO = INCLUDE_SOURCE;
				MTL_FAST_MATH = YES;
				ONLY_ACTIVE_ARCH = YES;
				SDKROOT = iphoneos;
				SWIFT_ACTIVE_COMPILATION_CONDITIONS = "DEBUG $(inherited)";
				SWIFT_OPTIMIZATION_LEVEL = "-Onone";
			};
			name = Debug;
		};
		108F6D6C2F21F81C005A8149 /* Release */ = {
			isa = XCBuildConfiguration;
			buildSettings = {
				ALWAYS_SEARCH_USER_PATHS = NO;
				ASSETCATALOG_COMPILER_GENERATE_SWIFT_ASSET_SYMBOL_EXTENSIONS = YES;
				CLANG_ANALYZER_NONNULL = YES;
				CLANG_ANALYZER_NUMBER_OBJECT_CONVERSION = YES_AGGRESSIVE;
				CLANG_CXX_LANGUAGE_STANDARD = "gnu++20";
				CLANG_ENABLE_MODULES = YES;
				CLANG_ENABLE_OBJC_ARC = YES;
				CLANG_ENABLE_OBJC_WEAK = YES;
				CLANG_WARN_BLOCK_CAPTURE_AUTORELEASING = YES;
				CLANG_WARN_BOOL_CONVERSION = YES;
				CLANG_WARN_COMMA = YES;
				CLANG_WARN_CONSTANT_CONVERSION = YES;
				CLANG_WARN_DEPRECATED_OBJC_IMPLEMENTATIONS = YES;
				CLANG_WARN_DIRECT_OBJC_ISA_USAGE = YES_ERROR;
				CLANG_WARN_DOCUMENTATION_COMMENTS = YES;
				CLANG_WARN_EMPTY_BODY = YES;
				CLANG_WARN_ENUM_CONVERSION = YES;
				CLANG_WARN_INFINITE_RECURSION = YES;
				CLANG_WARN_INT_CONVERSION = YES;
				CLANG_WARN_NON_LITERAL_NULL_CONVERSION = YES;
				CLANG_WARN_OBJC_IMPLICIT_RETAIN_SELF = YES;
				CLANG_WARN_OBJC_LITERAL_CONVERSION = YES;
				CLANG_WARN_OBJC_ROOT_CLASS = YES_ERROR;
				CLANG_WARN_QUOTED_INCLUDE_IN_FRAMEWORK_HEADER = YES;
				CLANG_WARN_RANGE_LOOP_ANALYSIS = YES;
				CLANG_WARN_STRICT_PROTOTYPES = YES;
				CLANG_WARN_SUSPICIOUS_MOVE = YES;
				CLANG_WARN_UNGUARDED_AVAILABILITY = YES_AGGRESSIVE;
				CLANG_WARN_UNREACHABLE_CODE = YES;
				CLANG_WARN__DUPLICATE_METHOD_MATCH = YES;
				COPY_PHASE_STRIP = NO;
				DEBUG_INFORMATION_FORMAT = "dwarf-with-dsym";
				DEVELOPMENT_TEAM = AGJJWXNGVA;
				ENABLE_NS_ASSERTIONS = NO;
				ENABLE_STRICT_OBJC_MSGSEND = YES;
				ENABLE_USER_SCRIPT_SANDBOXING = YES;
				GCC_C_LANGUAGE_STANDARD = gnu17;
				GCC_NO_COMMON_BLOCKS = YES;
				GCC_WARN_64_TO_32_BIT_CONVERSION = YES;
				GCC_WARN_ABOUT_RETURN_TYPE = YES_ERROR;
				GCC_WARN_UNDECLARED_SELECTOR = YES;
				GCC_WARN_UNINITIALIZED_AUTOS = YES_AGGRESSIVE;
				GCC_WARN_UNUSED_FUNCTION = YES;
				GCC_WARN_UNUSED_VARIABLE = YES;
				IPHONEOS_DEPLOYMENT_TARGET = 26.1;
				LOCALIZATION_PREFERS_STRING_CATALOGS = YES;
				MTL_ENABLE_DEBUG_INFO = NO;
				MTL_FAST_MATH = YES;
				SDKROOT = iphoneos;
				SWIFT_COMPILATION_MODE = wholemodule;
				VALIDATE_PRODUCT = YES;
			};
			name = Release;
		};
		108F6D6E2F21F81C005A8149 /* Debug */ = {
			isa = XCBuildConfiguration;
			buildSettings = {
				ASSETCATALOG_COMPILER_APPICON_NAME = AppIcon;
				ASSETCATALOG_COMPILER_GLOBAL_ACCENT_COLOR_NAME = AccentColor;
				CODE_SIGN_STYLE = Automatic;
				CURRENT_PROJECT_VERSION = 1;
				DEVELOPMENT_TEAM = AGJJWXNGVA;
				ENABLE_PREVIEWS = YES;
				GENERATE_INFOPLIST_FILE = YES;
				INFOPLIST_KEY_UIApplicationSceneManifest_Generation = YES;
				INFOPLIST_KEY_UIApplicationSupportsIndirectInputEvents = YES;
				INFOPLIST_KEY_UILaunchScreen_Generation = YES;
				INFOPLIST_KEY_UISupportedInterfaceOrientations_iPad = "UIInterfaceOrientationPortrait UIInterfaceOrientationPortraitUpsideDown UIInterfaceOrientationLandscapeLeft UIInterfaceOrientationLandscapeRight";
				INFOPLIST_KEY_UISupportedInterfaceOrientations_iPhone = "UIInterfaceOrientationPortrait UIInterfaceOrientationLandscapeLeft UIInterfaceOrientationLandscapeRight";
				LD_RUNPATH_SEARCH_PATHS = (
					"$(inherited)",
					"@executable_path/Frameworks",
				);
				MARKETING_VERSION = 1.0;
				PRODUCT_BUNDLE_IDENTIFIER = "picsum.picsum-photos";
				PRODUCT_NAME = "$(TARGET_NAME)";
				STRING_CATALOG_GENERATE_SYMBOLS = YES;
				SWIFT_APPROACHABLE_CONCURRENCY = YES;
				SWIFT_DEFAULT_ACTOR_ISOLATION = MainActor;
				SWIFT_EMIT_LOC_STRINGS = YES;
				SWIFT_UPCOMING_FEATURE_MEMBER_IMPORT_VISIBILITY = YES;
				SWIFT_VERSION = 5.0;
				TARGETED_DEVICE_FAMILY = "1,2";
			};
			name = Debug;
		};
		108F6D6F2F21F81C005A8149 /* Release */ = {
			isa = XCBuildConfiguration;
			buildSettings = {
				ASSETCATALOG_COMPILER_APPICON_NAME = AppIcon;
				ASSETCATALOG_COMPILER_GLOBAL_ACCENT_COLOR_NAME = AccentColor;
				CODE_SIGN_STYLE = Automatic;
				CURRENT_PROJECT_VERSION = 1;
				DEVELOPMENT_TEAM = AGJJWXNGVA;
				ENABLE_PREVIEWS = YES;
				GENERATE_INFOPLIST_FILE = YES;
				INFOPLIST_KEY_UIApplicationSceneManifest_Generation = YES;
				INFOPLIST_KEY_UIApplicationSupportsIndirectInputEvents = YES;
				INFOPLIST_KEY_UILaunchScreen_Generation = YES;
				INFOPLIST_KEY_UISupportedInterfaceOrientations_iPad = "UIInterfaceOrientationPortrait UIInterfaceOrientationPortraitUpsideDown UIInterfaceOrientationLandscapeLeft UIInterfaceOrientationLandscapeRight";
				INFOPLIST_KEY_UISupportedInterfaceOrientations_iPhone = "UIInterfaceOrientationPortrait UIInterfaceOrientationLandscapeLeft UIInterfaceOrientationLandscapeRight";
				LD_RUNPATH_SEARCH_PATHS = (
					"$(inherited)",
					"@executable_path/Frameworks",
				);
				MARKETING_VERSION = 1.0;
				PRODUCT_BUNDLE_IDENTIFIER = "picsum.picsum-photos";
				PRODUCT_NAME = "$(TARGET_NAME)";
				STRING_CATALOG_GENERATE_SYMBOLS = YES;
				SWIFT_APPROACHABLE_CONCURRENCY = YES;
				SWIFT_DEFAULT_ACTOR_ISOLATION = MainActor;
				SWIFT_EMIT_LOC_STRINGS = YES;
				SWIFT_UPCOMING_FEATURE_MEMBER_IMPORT_VISIBILITY = YES;
				SWIFT_VERSION = 5.0;
				TARGETED_DEVICE_FAMILY = "1,2";
			};
			name = Release;
		};
		108F6D712F21F81C005A8149 /* Debug */ = {
			isa = XCBuildConfiguration;
			buildSettings = {
				BUNDLE_LOADER = "$(TEST_HOST)";
				CODE_SIGN_STYLE = Automatic;
				CURRENT_PROJECT_VERSION = 1;
				DEVELOPMENT_TEAM = AGJJWXNGVA;
				GENERATE_INFOPLIST_FILE = YES;
				IPHONEOS_DEPLOYMENT_TARGET = 26.1;
				MARKETING_VERSION = 1.0;
				PRODUCT_BUNDLE_IDENTIFIER = "picsum.picsum-photosTests";
				PRODUCT_NAME = "$(TARGET_NAME)";
				STRING_CATALOG_GENERATE_SYMBOLS = NO;
				SWIFT_APPROACHABLE_CONCURRENCY = YES;
				SWIFT_EMIT_LOC_STRINGS = NO;
				SWIFT_UPCOMING_FEATURE_MEMBER_IMPORT_VISIBILITY = YES;
				SWIFT_VERSION = 5.0;
				TARGETED_DEVICE_FAMILY = "1,2";
				TEST_HOST = "$(BUILT_PRODUCTS_DIR)/picsum-photos.app/$(BUNDLE_EXECUTABLE_FOLDER_PATH)/picsum-photos";
			};
			name = Debug;
		};
		108F6D722F21F81C005A8149 /* Release */ = {
			isa = XCBuildConfiguration;
			buildSettings = {
				BUNDLE_LOADER = "$(TEST_HOST)";
				CODE_SIGN_STYLE = Automatic;
				CURRENT_PROJECT_VERSION = 1;
				DEVELOPMENT_TEAM = AGJJWXNGVA;
				GENERATE_INFOPLIST_FILE = YES;
				IPHONEOS_DEPLOYMENT_TARGET = 26.1;
				MARKETING_VERSION = 1.0;
				PRODUCT_BUNDLE_IDENTIFIER = "picsum.picsum-photosTests";
				PRODUCT_NAME = "$(TARGET_NAME)";
				STRING_CATALOG_GENERATE_SYMBOLS = NO;
				SWIFT_APPROACHABLE_CONCURRENCY = YES;
				SWIFT_EMIT_LOC_STRINGS = NO;
				SWIFT_UPCOMING_FEATURE_MEMBER_IMPORT_VISIBILITY = YES;
				SWIFT_VERSION = 5.0;
				TARGETED_DEVICE_FAMILY = "1,2";
				TEST_HOST = "$(BUILT_PRODUCTS_DIR)/picsum-photos.app/$(BUNDLE_EXECUTABLE_FOLDER_PATH)/picsum-photos";
			};
			name = Release;
		};
		108F6D742F21F81C005A8149 /* Debug */ = {
			isa = XCBuildConfiguration;
			buildSettings = {
				CODE_SIGN_STYLE = Automatic;
				CURRENT_PROJECT_VERSION = 1;
				DEVELOPMENT_TEAM = AGJJWXNGVA;
				GENERATE_INFOPLIST_FILE = YES;
				MARKETING_VERSION = 1.0;
				PRODUCT_BUNDLE_IDENTIFIER = "picsum.picsum-photosUITests";
				PRODUCT_NAME = "$(TARGET_NAME)";
				STRING_CATALOG_GENERATE_SYMBOLS = NO;
				SWIFT_APPROACHABLE_CONCURRENCY = YES;
				SWIFT_EMIT_LOC_STRINGS = NO;
				SWIFT_UPCOMING_FEATURE_MEMBER_IMPORT_VISIBILITY = YES;
				SWIFT_VERSION = 5.0;
				TARGETED_DEVICE_FAMILY = "1,2";
				TEST_TARGET_NAME = "picsum-photos";
			};
			name = Debug;
		};
		108F6D752F21F81C005A8149 /* Release */ = {
			isa = XCBuildConfiguration;
			buildSettings = {
				CODE_SIGN_STYLE = Automatic;
				CURRENT_PROJECT_VERSION = 1;
				DEVELOPMENT_TEAM = AGJJWXNGVA;
				GENERATE_INFOPLIST_FILE = YES;
				MARKETING_VERSION = 1.0;
				PRODUCT_BUNDLE_IDENTIFIER = "picsum.picsum-photosUITests";
				PRODUCT_NAME = "$(TARGET_NAME)";
				STRING_CATALOG_GENERATE_SYMBOLS = NO;
				SWIFT_APPROACHABLE_CONCURRENCY = YES;
				SWIFT_EMIT_LOC_STRINGS = NO;
				SWIFT_UPCOMING_FEATURE_MEMBER_IMPORT_VISIBILITY = YES;
				SWIFT_VERSION = 5.0;
				TARGETED_DEVICE_FAMILY = "1,2";
				TEST_TARGET_NAME = "picsum-photos";
			};
			name = Release;
		};
/* End XCBuildConfiguration section */

/* Begin XCConfigurationList section */
		108F6D472F21F81B005A8149 /* Build configuration list for PBXProject "picsum-photos" */ = {
			isa = XCConfigurationList;
			buildConfigurations = (
				108F6D6B2F21F81C005A8149 /* Debug */,
				108F6D6C2F21F81C005A8149 /* Release */,
			);
			defaultConfigurationIsVisible = 0;
			defaultConfigurationName = Release;
		};
		108F6D6D2F21F81C005A8149 /* Build configuration list for PBXNativeTarget "picsum-photos" */ = {
			isa = XCConfigurationList;
			buildConfigurations = (
				108F6D6E2F21F81C005A8149 /* Debug */,
				108F6D6F2F21F81C005A8149 /* Release */,
			);
			defaultConfigurationIsVisible = 0;
			defaultConfigurationName = Release;
		};
		108F6D702F21F81C005A8149 /* Build configuration list for PBXNativeTarget "picsum-photosTests" */ = {
			isa = XCConfigurationList;
			buildConfigurations = (
				108F6D712F21F81C005A8149 /* Debug */,
				108F6D722F21F81C005A8149 /* Release */,
			);
			defaultConfigurationIsVisible = 0;
			defaultConfigurationName = Release;
		};
		108F6D732F21F81C005A8149 /* Build configuration list for PBXNativeTarget "picsum-photosUITests" */ = {
			isa = XCConfigurationList;
			buildConfigurations = (
				108F6D742F21F81C005A8149 /* Debug */,
				108F6D752F21F81C005A8149 /* Release */,
			);
			defaultConfigurationIsVisible = 0;
			defaultConfigurationName = Release;
		};
/* End XCConfigurationList section */
	};
	rootObject = 108F6D442F21F81B005A8149 /* Project object */;
}
